Microsoft Visual Studio Solution File, Format Version 12.00
# Visual Studio Version 17
VisualStudioVersion = 17.5.2.0
MinimumVisualStudioVersion = 10.0.40219.1
Project("{FAE04EC0-301F-11D3-BF4B-00C04F79EFBC}") = "mvcproj", "mvcproj\mvcproj.csproj", "{B76BFC06-6058-EF6D-70E4-9BB95653710C}"
EndProject
Global
	GlobalSection(SolutionConfigurationPlatforms) = preSolution
		Debug|Any CPU = Debug|Any CPU
		Release|Any CPU = Release|Any CPU
	EndGlobalSection
	GlobalSection(ProjectConfigurationPlatforms) = postSolution
		{B76BFC06-6058-EF6D-70E4-9BB95653710C}.Debug|Any CPU.ActiveCfg = Debug|Any CPU
		{B76BFC06-6058-EF6D-70E4-9BB95653710C}.Debug|Any CPU.Build.0 = Debug|Any CPU
		{B76BFC06-6058-EF6D-70E4-9BB95653710C}.Release|Any CPU.ActiveCfg = Release|Any CPU
		{B76BFC06-6058-EF6D-70E4-9BB95653710C}.Release|Any CPU.Build.0 = Release|Any CPU
	EndGlobalSection
	GlobalSection(SolutionProperties) = preSolution
		HideSolutionNode = FALSE
	EndGlobalSection
	GlobalSection(ExtensibilityGlobals) = postSolution
		SolutionGuid = {AE60E2B5-A54E-4592-842F-A9D625BE05B8}
	EndGlobalSection
EndGlobal
